
Microsoft Visual Studio Solution File, Format Version 12.00
# Visual Studio 15
VisualStudioVersion = 15.0.28010.2026
MinimumVisualStudioVersion = 10.0.40219.1
Project("{FAE04EC0-301F-11D3-BF4B-00C04F79EFBC}") = "EjemploRoles", "EjemploRoles\EjemploRoles.csproj", "{5E9AD20D-10DF-4218-828B-288DAE059163}"
EndProject
Global
	GlobalSection(SolutionConfigurationPlatforms) = preSolution
		Debug|Any CPU = Debug|Any CPU
		Release|Any CPU = Release|Any CPU
	EndGlobalSection
	GlobalSection(ProjectConfigurationPlatforms) = postSolution
		{5E9AD20D-10DF-4218-828B-288DAE059163}.Debug|Any CPU.ActiveCfg = Debug|Any CPU
		{5E9AD20D-10DF-4218-828B-288DAE059163}.Debug|Any CPU.Build.0 = Debug|Any CPU
		{5E9AD20D-10DF-4218-828B-288DAE059163}.Release|Any CPU.ActiveCfg = Release|Any CPU
		{5E9AD20D-10DF-4218-828B-288DAE059163}.Release|Any CPU.Build.0 = Release|Any CPU
	EndGlobalSection
	GlobalSection(SolutionProperties) = preSolution
		HideSolutionNode = FALSE
	EndGlobalSection
	GlobalSection(ExtensibilityGlobals) = postSolution
		SolutionGuid = {035BB204-3391-479C-85DE-FF02E64372DF}
	EndGlobalSection
EndGlobal
